{
  "algorithm_name": "pytorch_image_classification",
  "model_tamper_behavior": "strict",
  "lock_version": "f7aec94cde3ca6274c6556ebe58ad3c6",
  "timestamp": "1632753496"
  "required_models" : [
      { "name": "labels",
      "data_api_path": "data://AlgorithmiaSE/image_cassification_demo/imagenet_class_index.json",
      "md5_checksum": "c2c37ea517e94d9795004a39431a14cb",
      "metadata": {
        "origination_md5_checksum": "46a44d32d2c5c07f7f66324bef4c7266"
      }
    }
  ],
  "optional_models": [
    {
      "name": "optional_data",
      "data_api_path": "data://AlgorithmiaSE/image_cassification_demo/imagenet_class_index.json",
      "md5_checksum": "c2c37ea517e94d9795004a39431a14cb",
      "metadata": {
        "origination_md5_checksum": "46a44d32d2c5c07f7f66324bef4c7266"
      }
    }
  ]
}